// !$*UTF8*$!
{
	archiveVersion = 1;
	classes = {
	};
	objectVersion = 56;
	objects = {

/* Begin PBXBuildFile section */
		B6B68D122A66713900B02621 /* inputReader.cpp in Sources */ = {isa = PBXBuildFile; fileRef = B6B68D112A66713900B02621 /* inputReader.cpp */; };
		B6B68D172A66A91600B02621 /* Program.cpp in Sources */ = {isa = PBXBuildFile; fileRef = B6B68D162A66A91600B02621 /* Program.cpp */; };
		B6B68D1A2A66A93A00B02621 /* blackScholes.cpp in Sources */ = {isa = PBXBuildFile; fileRef = B6B68D192A66A93A00B02621 /* blackScholes.cpp */; };
		B6B68D1C2A66A99B00B02621 /* main.cpp in Sources */ = {isa = PBXBuildFile; fileRef = B6B68D1B2A66A99B00B02621 /* main.cpp */; };
/* End PBXBuildFile section */

/* Begin PBXCopyFilesBuildPhase section */
		B6B68CF92A5F0D4D00B02621 /* CopyFiles */ = {
			isa = PBXCopyFilesBuildPhase;
			buildActionMask = 2147483647;
			dstPath = /usr/share/man/man1/;
			dstSubfolderSpec = 0;
			files = (
			);
			runOnlyForDeploymentPostprocessing = 1;
		};
/* End PBXCopyFilesBuildPhase section */

/* Begin PBXFileReference section */
		B6B68CFB2A5F0D4D00B02621 /* black-scholes */ = {isa = PBXFileReference; explicitFileType = "compiled.mach-o.executable"; includeInIndex = 0; path = "black-scholes"; sourceTree = BUILT_PRODUCTS_DIR; };
		B6B68D062A5F0FF000B02621 /* xcode_redirect.hpp */ = {isa = PBXFileReference; fileEncoding = 4; lastKnownFileType = sourcecode.cpp.h; path = xcode_redirect.hpp; sourceTree = "<group>"; };
		B6B68D102A6641BB00B02621 /* README.md */ = {isa = PBXFileReference; lastKnownFileType = net.daringfireball.markdown; path = README.md; sourceTree = "<group>"; };
		B6B68D112A66713900B02621 /* inputReader.cpp */ = {isa = PBXFileReference; lastKnownFileType = sourcecode.cpp.cpp; path = inputReader.cpp; sourceTree = "<group>"; };
		B6B68D132A6671E800B02621 /* inputReader.h */ = {isa = PBXFileReference; lastKnownFileType = sourcecode.c.h; path = inputReader.h; sourceTree = "<group>"; };
		B6B68D142A66917700B02621 /* .gitignore */ = {isa = PBXFileReference; lastKnownFileType = text; path = .gitignore; sourceTree = "<group>"; };
		B6B68D152A66A60200B02621 /* Program.h */ = {isa = PBXFileReference; lastKnownFileType = sourcecode.c.h; path = Program.h; sourceTree = "<group>"; };
		B6B68D162A66A91600B02621 /* Program.cpp */ = {isa = PBXFileReference; fileEncoding = 4; lastKnownFileType = sourcecode.cpp.cpp; path = Program.cpp; sourceTree = "<group>"; };
		B6B68D182A66A93600B02621 /* blackScholes.h */ = {isa = PBXFileReference; fileEncoding = 4; lastKnownFileType = sourcecode.c.h; path = blackScholes.h; sourceTree = "<group>"; };
		B6B68D192A66A93A00B02621 /* blackScholes.cpp */ = {isa = PBXFileReference; fileEncoding = 4; lastKnownFileType = sourcecode.cpp.cpp; path = blackScholes.cpp; sourceTree = "<group>"; };
		B6B68D1B2A66A99B00B02621 /* main.cpp */ = {isa = PBXFileReference; lastKnownFileType = sourcecode.cpp.cpp; path = main.cpp; sourceTree = "<group>"; };
		B6B68D1E2A66AE6900B02621 /* Makefile */ = {isa = PBXFileReference; lastKnownFileType = sourcecode.make; path = Makefile; sourceTree = "<group>"; };
/* End PBXFileReference section */

/* Begin PBXFrameworksBuildPhase section */
		B6B68CF82A5F0D4D00B02621 /* Frameworks */ = {
			isa = PBXFrameworksBuildPhase;
			buildActionMask = 2147483647;
			files = (
			);
			runOnlyForDeploymentPostprocessing = 0;
		};
/* End PBXFrameworksBuildPhase section */

/* Begin PBXGroup section */
		B6B68CF22A5F0D4D00B02621 = {
			isa = PBXGroup;
			children = (
				B6B68D1E2A66AE6900B02621 /* Makefile */,
				B6B68D1B2A66A99B00B02621 /* main.cpp */,
				B6B68D162A66A91600B02621 /* Program.cpp */,
				B6B68D152A66A60200B02621 /* Program.h */,
				B6B68D192A66A93A00B02621 /* blackScholes.cpp */,
				B6B68D182A66A93600B02621 /* blackScholes.h */,
				B6B68D112A66713900B02621 /* inputReader.cpp */,
				B6B68D132A6671E800B02621 /* inputReader.h */,
				B6B68D102A6641BB00B02621 /* README.md */,
				B6B68D142A66917700B02621 /* .gitignore */,
				B6B68D062A5F0FF000B02621 /* xcode_redirect.hpp */,
				B6B68CFC2A5F0D4D00B02621 /* Products */,
			);
			sourceTree = "<group>";
		};
		B6B68CFC2A5F0D4D00B02621 /* Products */ = {
			isa = PBXGroup;
			children = (
				B6B68CFB2A5F0D4D00B02621 /* black-scholes */,
			);
			name = Products;
			sourceTree = "<group>";
		};
/* End PBXGroup section */

/* Begin PBXNativeTarget section */
		B6B68CFA2A5F0D4D00B02621 /* black-scholes */ = {
			isa = PBXNativeTarget;
			buildConfigurationList = B6B68D022A5F0D4D00B02621 /* Build configuration list for PBXNativeTarget "black-scholes" */;
			buildPhases = (
				B6B68CF72A5F0D4D00B02621 /* Sources */,
				B6B68CF82A5F0D4D00B02621 /* Frameworks */,
				B6B68CF92A5F0D4D00B02621 /* CopyFiles */,
			);
			buildRules = (
			);
			dependencies = (
			);
			name = "black-scholes";
			productName = "black-scholes";
			productReference = B6B68CFB2A5F0D4D00B02621 /* black-scholes */;
			productType = "com.apple.product-type.tool";
		};
/* End PBXNativeTarget section */

/* Begin PBXProject section */
		B6B68CF32A5F0D4D00B02621 /* Project object */ = {
			isa = PBXProject;
			attributes = {
				BuildIndependentTargetsInParallel = 1;
				LastUpgradeCheck = 1430;
				TargetAttributes = {
					B6B68CFA2A5F0D4D00B02621 = {
						CreatedOnToolsVersion = 14.3.1;
					};
				};
			};
			buildConfigurationList = B6B68CF62A5F0D4D00B02621 /* Build configuration list for PBXProject "black-scholes" */;
			compatibilityVersion = "Xcode 14.0";
			developmentRegion = en;
			hasScannedForEncodings = 0;
			knownRegions = (
				en,
				Base,
			);
			mainGroup = B6B68CF22A5F0D4D00B02621;
			productRefGroup = B6B68CFC2A5F0D4D00B02621 /* Products */;
			projectDirPath = "";
			projectRoot = "";
			targets = (
				B6B68CFA2A5F0D4D00B02621 /* black-scholes */,
			);
		};
/* End PBXProject section */

/* Begin PBXSourcesBuildPhase section */
		B6B68CF72A5F0D4D00B02621 /* Sources */ = {
			isa = PBXSourcesBuildPhase;
			buildActionMask = 2147483647;
			files = (
				B6B68D172A66A91600B02621 /* Program.cpp in Sources */,
				B6B68D122A66713900B02621 /* inputReader.cpp in Sources */,
				B6B68D1C2A66A99B00B02621 /* main.cpp in Sources */,
				B6B68D1A2A66A93A00B02621 /* blackScholes.cpp in Sources */,
			);
			runOnlyForDeploymentPostprocessing = 0;
		};
/* End PBXSourcesBuildPhase section */

/* Begin XCBuildConfiguration section */
		B6B68D002A5F0D4D00B02621 /* Debug */ = {
			isa = XCBuildConfiguration;
			buildSettings = {
				ALWAYS_SEARCH_USER_PATHS = NO;
				CLANG_ANALYZER_NONNULL = YES;
				CLANG_ANALYZER_NUMBER_OBJECT_CONVERSION = YES_AGGRESSIVE;
				CLANG_CXX_LANGUAGE_STANDARD = "gnu++20";
				CLANG_ENABLE_MODULES = YES;
				CLANG_ENABLE_OBJC_ARC = YES;
				CLANG_ENABLE_OBJC_WEAK = YES;
				CLANG_WARN_BLOCK_CAPTURE_AUTORELEASING = YES;
				CLANG_WARN_BOOL_CONVERSION = YES;
				CLANG_WARN_COMMA = YES;
				CLANG_WARN_CONSTANT_CONVERSION = YES;
				CLANG_WARN_DEPRECATED_OBJC_IMPLEMENTATIONS = YES;
				CLANG_WARN_DIRECT_OBJC_ISA_USAGE = YES_ERROR;
				CLANG_WARN_DOCUMENTATION_COMMENTS = YES;
				CLANG_WARN_EMPTY_BODY = YES;
				CLANG_WARN_ENUM_CONVERSION = YES;
				CLANG_WARN_INFINITE_RECURSION = YES;
				CLANG_WARN_INT_CONVERSION = YES;
				CLANG_WARN_NON_LITERAL_NULL_CONVERSION = YES;
				CLANG_WARN_OBJC_IMPLICIT_RETAIN_SELF = YES;
				CLANG_WARN_OBJC_LITERAL_CONVERSION = YES;
				CLANG_WARN_OBJC_ROOT_CLASS = YES_ERROR;
				CLANG_WARN_QUOTED_INCLUDE_IN_FRAMEWORK_HEADER = YES;
				CLANG_WARN_RANGE_LOOP_ANALYSIS = YES;
				CLANG_WARN_STRICT_PROTOTYPES = YES;
				CLANG_WARN_SUSPICIOUS_MOVE = YES;
				CLANG_WARN_UNGUARDED_AVAILABILITY = YES_AGGRESSIVE;
				CLANG_WARN_UNREACHABLE_CODE = YES;
				CLANG_WARN__DUPLICATE_METHOD_MATCH = YES;
				COPY_PHASE_STRIP = NO;
				DEBUG_INFORMATION_FORMAT = dwarf;
				ENABLE_STRICT_OBJC_MSGSEND = YES;
				ENABLE_TESTABILITY = YES;
				GCC_C_LANGUAGE_STANDARD = gnu11;
				GCC_DYNAMIC_NO_PIC = NO;
				GCC_NO_COMMON_BLOCKS = YES;
				GCC_OPTIMIZATION_LEVEL = 0;
				GCC_PREPROCESSOR_DEFINITIONS = (
					"DEBUG=1",
					"$(inherited)",
				);
				GCC_WARN_64_TO_32_BIT_CONVERSION = YES;
				GCC_WARN_ABOUT_RETURN_TYPE = YES_ERROR;
				GCC_WARN_UNDECLARED_SELECTOR = YES;
				GCC_WARN_UNINITIALIZED_AUTOS = YES_AGGRESSIVE;
				GCC_WARN_UNUSED_FUNCTION = YES;
				GCC_WARN_UNUSED_VARIABLE = YES;
				MACOSX_DEPLOYMENT_TARGET = 13.3;
				MTL_ENABLE_DEBUG_INFO = INCLUDE_SOURCE;
				MTL_FAST_MATH = YES;
				ONLY_ACTIVE_ARCH = YES;
				SDKROOT = macosx;
			};
			name = Debug;
		};
		B6B68D012A5F0D4D00B02621 /* Release */ = {
			isa = XCBuildConfiguration;
			buildSettings = {
				ALWAYS_SEARCH_USER_PATHS = NO;
				CLANG_ANALYZER_NONNULL = YES;
				CLANG_ANALYZER_NUMBER_OBJECT_CONVERSION = YES_AGGRESSIVE;
				CLANG_CXX_LANGUAGE_STANDARD = "gnu++20";
				CLANG_ENABLE_MODULES = YES;
				CLANG_ENABLE_OBJC_ARC = YES;
				CLANG_ENABLE_OBJC_WEAK = YES;
				CLANG_WARN_BLOCK_CAPTURE_AUTORELEASING = YES;
				CLANG_WARN_BOOL_CONVERSION = YES;
				CLANG_WARN_COMMA = YES;
				CLANG_WARN_CONSTANT_CONVERSION = YES;
				CLANG_WARN_DEPRECATED_OBJC_IMPLEMENTATIONS = YES;
				CLANG_WARN_DIRECT_OBJC_ISA_USAGE = YES_ERROR;
				CLANG_WARN_DOCUMENTATION_COMMENTS = YES;
				CLANG_WARN_EMPTY_BODY = YES;
				CLANG_WARN_ENUM_CONVERSION = YES;
				CLANG_WARN_INFINITE_RECURSION = YES;
				CLANG_WARN_INT_CONVERSION = YES;
				CLANG_WARN_NON_LITERAL_NULL_CONVERSION = YES;
				CLANG_WARN_OBJC_IMPLICIT_RETAIN_SELF = YES;
				CLANG_WARN_OBJC_LITERAL_CONVERSION = YES;
				CLANG_WARN_OBJC_ROOT_CLASS = YES_ERROR;
				CLANG_WARN_QUOTED_INCLUDE_IN_FRAMEWORK_HEADER = YES;
				CLANG_WARN_RANGE_LOOP_ANALYSIS = YES;
				CLANG_WARN_STRICT_PROTOTYPES = YES;
				CLANG_WARN_SUSPICIOUS_MOVE = YES;
				CLANG_WARN_UNGUARDED_AVAILABILITY = YES_AGGRESSIVE;
				CLANG_WARN_UNREACHABLE_CODE = YES;
				CLANG_WARN__DUPLICATE_METHOD_MATCH = YES;
				COPY_PHASE_STRIP = NO;
				DEBUG_INFORMATION_FORMAT = "dwarf-with-dsym";
				ENABLE_NS_ASSERTIONS = NO;
				ENABLE_STRICT_OBJC_MSGSEND = YES;
				GCC_C_LANGUAGE_STANDARD = gnu11;
				GCC_NO_COMMON_BLOCKS = YES;
				GCC_WARN_64_TO_32_BIT_CONVERSION = YES;
				GCC_WARN_ABOUT_RETURN_TYPE = YES_ERROR;
				GCC_WARN_UNDECLARED_SELECTOR = YES;
				GCC_WARN_UNINITIALIZED_AUTOS = YES_AGGRESSIVE;
				GCC_WARN_UNUSED_FUNCTION = YES;
				GCC_WARN_UNUSED_VARIABLE = YES;
				MACOSX_DEPLOYMENT_TARGET = 13.3;
				MTL_ENABLE_DEBUG_INFO = NO;
				MTL_FAST_MATH = YES;
				SDKROOT = macosx;
			};
			name = Release;
		};
		B6B68D032A5F0D4D00B02621 /* Debug */ = {
			isa = XCBuildConfiguration;
			buildSettings = {
				CODE_SIGN_STYLE = Automatic;
				PRODUCT_NAME = "$(TARGET_NAME)";
			};
			name = Debug;
		};
		B6B68D042A5F0D4D00B02621 /* Release */ = {
			isa = XCBuildConfiguration;
			buildSettings = {
				CODE_SIGN_STYLE = Automatic;
				PRODUCT_NAME = "$(TARGET_NAME)";
			};
			name = Release;
		};
/* End XCBuildConfiguration section */

/* Begin XCConfigurationList section */
		B6B68CF62A5F0D4D00B02621 /* Build configuration list for PBXProject "black-scholes" */ = {
			isa = XCConfigurationList;
			buildConfigurations = (
				B6B68D002A5F0D4D00B02621 /* Debug */,
				B6B68D012A5F0D4D00B02621 /* Release */,
			);
			defaultConfigurationIsVisible = 0;
			defaultConfigurationName = Release;
		};
		B6B68D022A5F0D4D00B02621 /* Build configuration list for PBXNativeTarget "black-scholes" */ = {
			isa = XCConfigurationList;
			buildConfigurations = (
				B6B68D032A5F0D4D00B02621 /* Debug */,
				B6B68D042A5F0D4D00B02621 /* Release */,
			);
			defaultConfigurationIsVisible = 0;
			defaultConfigurationName = Release;
		};
/* End XCConfigurationList section */
	};
	rootObject = B6B68CF32A5F0D4D00B02621 /* Project object */;
}
